
Microsoft Visual Studio Solution File, Format Version 12.00
# Visual Studio 15
VisualStudioVersion = 15.0.28010.2048
MinimumVisualStudioVersion = 10.0.40219.1
Project("{2150E333-8FDC-42A3-9474-1A3956D46DE8}") = "src", "src", "{198CCBB9-7C92-468A-A77E-C2B42BD1F632}"
EndProject
Project("{2150E333-8FDC-42A3-9474-1A3956D46DE8}") = "tests", "tests", "{4A451222-0C2C-4F36-AD9B-8C6CFCA15857}"
EndProject
Project("{9A19103F-16F7-4668-BE54-9A1E7A4F7556}") = "Polyrific.Catapult.TaskProviders.MSBuild", "src\Polyrific.Catapult.TaskProviders.MSBuild\Polyrific.Catapult.TaskProviders.MSBuild.csproj", "{FFC5859C-3695-45C1-B246-EC7EE300DA38}"
EndProject
Project("{FAE04EC0-301F-11D3-BF4B-00C04F79EFBC}") = "Polyrific.Catapult.TaskProviders.MSBuild.UnitTests", "tests\Polyrific.Catapult.TaskProviders.MSBuild.UnitTests\Polyrific.Catapult.TaskProviders.MSBuild.UnitTests.csproj", "{9DC66171-0D1E-4BEE-A654-DA3786ED32EA}"
EndProject
Global
	GlobalSection(SolutionConfigurationPlatforms) = preSolution
		Debug|Any CPU = Debug|Any CPU
		Release|Any CPU = Release|Any CPU
	EndGlobalSection
	GlobalSection(ProjectConfigurationPlatforms) = postSolution
		{FFC5859C-3695-45C1-B246-EC7EE300DA38}.Debug|Any CPU.ActiveCfg = Debug|Any CPU
		{FFC5859C-3695-45C1-B246-EC7EE300DA38}.Debug|Any CPU.Build.0 = Debug|Any CPU
		{FFC5859C-3695-45C1-B246-EC7EE300DA38}.Release|Any CPU.ActiveCfg = Release|Any CPU
		{FFC5859C-3695-45C1-B246-EC7EE300DA38}.Release|Any CPU.Build.0 = Release|Any CPU
		{9DC66171-0D1E-4BEE-A654-DA3786ED32EA}.Debug|Any CPU.ActiveCfg = Debug|Any CPU
		{9DC66171-0D1E-4BEE-A654-DA3786ED32EA}.Debug|Any CPU.Build.0 = Debug|Any CPU
		{9DC66171-0D1E-4BEE-A654-DA3786ED32EA}.Release|Any CPU.ActiveCfg = Release|Any CPU
		{9DC66171-0D1E-4BEE-A654-DA3786ED32EA}.Release|Any CPU.Build.0 = Release|Any CPU
	EndGlobalSection
	GlobalSection(SolutionProperties) = preSolution
		HideSolutionNode = FALSE
	EndGlobalSection
	GlobalSection(NestedProjects) = preSolution
		{FFC5859C-3695-45C1-B246-EC7EE300DA38} = {198CCBB9-7C92-468A-A77E-C2B42BD1F632}
		{9DC66171-0D1E-4BEE-A654-DA3786ED32EA} = {4A451222-0C2C-4F36-AD9B-8C6CFCA15857}
	EndGlobalSection
	GlobalSection(ExtensibilityGlobals) = postSolution
		SolutionGuid = {EE59C0F9-6E0B-4F7E-8619-ABAEC07EF7CF}
	EndGlobalSection
EndGlobal
